PODS:
  - Flutter (1.0.0)
  - flutter_secure_storage_darwin (10.0.0):
    - Flutter
    - FlutterMacOS
  - screen_protector (1.5.1):
    - Flutter
    - ScreenProtectorKit (= 1.5.1)
  - ScreenProtectorKit (1.5.1)
  - sqflite_darwin (0.0.4):
    - Flutter
    - FlutterMacOS

DEPENDENCIES:
  - Flutter (from `Flutter`)
  - flutter_secure_storage_darwin (from `.symlinks/plugins/flutter_secure_storage_darwin/darwin`)
  - screen_protector (from `.symlinks/plugins/screen_protector/ios`)
  - sqflite_darwin (from `.symlinks/plugins/sqflite_darwin/darwin`)

SPEC REPOS:
  trunk:
    - ScreenProtectorKit

EXTERNAL SOURCES:
  Flutter:
    :path: Flutter
  flutter_secure_storage_darwin:
    :path: ".symlinks/plugins/flutter_secure_storage_darwin/darwin"
  screen_protector:
    :path: ".symlinks/plugins/screen_protector/ios"
  sqflite_darwin:
    :path: ".symlinks/plugins/sqflite_darwin/darwin"

SPEC CHECKSUMS:
  Flutter: cabc95a1d2626b1b06e7179b784ebcf0c0cde467
  flutter_secure_storage_darwin: acdb3f316ed05a3e68f856e0353b133eec373a23
  screen_protector: 18c6aca2dc5d2a832f6787a5318f97f03e9d3150
  ScreenProtectorKit: 6ceb3e0808341a9bc15d175bff40dfdd4b32da71
  sqflite_darwin: 20b2a3a3b70e43edae938624ce550a3cbf66a3d0

PODFILE CHECKSUM: 53a6aebc29ccee84c41f92f409fc20cd4ca011f1

COCOAPODS: 1.16.2
